// !$*UTF8*$!
{
	archiveVersion = 1;
	classes = {
	};
	objectVersion = 50;
	objects = {

/* Begin PBXBuildFile section */
		444647422175CEAC009EF8F6 /* AppDelegate.swift in Sources */ = {isa = PBXBuildFile; fileRef = 444647412175CEAC009EF8F6 /* AppDelegate.swift */; };
		444647442175CEAC009EF8F6 /* ToDoListViewController.swift in Sources */ = {isa = PBXBuildFile; fileRef = 444647432175CEAC009EF8F6 /* ToDoListViewController.swift */; };
		444647472175CEAC009EF8F6 /* Main.storyboard in Resources */ = {isa = PBXBuildFile; fileRef = 444647452175CEAC009EF8F6 /* Main.storyboard */; };
		444647492175CEAE009EF8F6 /* Assets.xcassets in Resources */ = {isa = PBXBuildFile; fileRef = 444647482175CEAE009EF8F6 /* Assets.xcassets */; };
		4446474C2175CEAE009EF8F6 /* LaunchScreen.storyboard in Resources */ = {isa = PBXBuildFile; fileRef = 4446474A2175CEAE009EF8F6 /* LaunchScreen.storyboard */; };
		44A86EA5217F65A9006940A9 /* CategoryViewController.swift in Sources */ = {isa = PBXBuildFile; fileRef = 44A86EA4217F65A9006940A9 /* CategoryViewController.swift */; };
		44BB71ED217633E3006E47BB /* DataModel.xcdatamodeld in Sources */ = {isa = PBXBuildFile; fileRef = 44BB71EB217633E3006E47BB /* DataModel.xcdatamodeld */; };
		D31FCE2BAF18FCEB4156F140 /* Pods_Listeriosis.framework in Frameworks */ = {isa = PBXBuildFile; fileRef = FC45AC0E2A1D316C413CD1F9 /* Pods_Listeriosis.framework */; };
/* End PBXBuildFile section */

/* Begin PBXFileReference section */
		307ACB548125ACAC1F57A0DC /* Pods-Listeriosis.release.xcconfig */ = {isa = PBXFileReference; includeInIndex = 1; lastKnownFileType = text.xcconfig; name = "Pods-Listeriosis.release.xcconfig"; path = "Pods/Target Support Files/Pods-Listeriosis/Pods-Listeriosis.release.xcconfig"; sourceTree = "<group>"; };
		4446473E2175CEAC009EF8F6 /* Listeriosis.app */ = {isa = PBXFileReference; explicitFileType = wrapper.application; includeInIndex = 0; path = Listeriosis.app; sourceTree = BUILT_PRODUCTS_DIR; };
		444647412175CEAC009EF8F6 /* AppDelegate.swift */ = {isa = PBXFileReference; lastKnownFileType = sourcecode.swift; path = AppDelegate.swift; sourceTree = "<group>"; };
		444647432175CEAC009EF8F6 /* ToDoListViewController.swift */ = {isa = PBXFileReference; lastKnownFileType = sourcecode.swift; path = ToDoListViewController.swift; sourceTree = "<group>"; };
		444647462175CEAC009EF8F6 /* Base */ = {isa = PBXFileReference; lastKnownFileType = file.storyboard; name = Base; path = Base.lproj/Main.storyboard; sourceTree = "<group>"; };
		444647482175CEAE009EF8F6 /* Assets.xcassets */ = {isa = PBXFileReference; lastKnownFileType = folder.assetcatalog; path = Assets.xcassets; sourceTree = "<group>"; };
		4446474B2175CEAE009EF8F6 /* Base */ = {isa = PBXFileReference; lastKnownFileType = file.storyboard; name = Base; path = Base.lproj/LaunchScreen.storyboard; sourceTree = "<group>"; };
		4446474D2175CEAE009EF8F6 /* Info.plist */ = {isa = PBXFileReference; lastKnownFileType = text.plist.xml; path = Info.plist; sourceTree = "<group>"; };
		44A86EA4217F65A9006940A9 /* CategoryViewController.swift */ = {isa = PBXFileReference; lastKnownFileType = sourcecode.swift; path = CategoryViewController.swift; sourceTree = "<group>"; };
		44BB71EC217633E3006E47BB /* DataModel.xcdatamodel */ = {isa = PBXFileReference; lastKnownFileType = wrapper.xcdatamodel; path = DataModel.xcdatamodel; sourceTree = "<group>"; };
		58C82AAEC0A6167D63683655 /* Pods-Listeriosis.debug.xcconfig */ = {isa = PBXFileReference; includeInIndex = 1; lastKnownFileType = text.xcconfig; name = "Pods-Listeriosis.debug.xcconfig"; path = "Pods/Target Support Files/Pods-Listeriosis/Pods-Listeriosis.debug.xcconfig"; sourceTree = "<group>"; };
		FC45AC0E2A1D316C413CD1F9 /* Pods_Listeriosis.framework */ = {isa = PBXFileReference; explicitFileType = wrapper.framework; includeInIndex = 0; path = Pods_Listeriosis.framework; sourceTree = BUILT_PRODUCTS_DIR; };
/* End PBXFileReference section */

/* Begin PBXFrameworksBuildPhase section */
		4446473B2175CEAC009EF8F6 /* Frameworks */ = {
			isa = PBXFrameworksBuildPhase;
			buildActionMask = 2147483647;
			files = (
				D31FCE2BAF18FCEB4156F140 /* Pods_Listeriosis.framework in Frameworks */,
			);
			runOnlyForDeploymentPostprocessing = 0;
		};
/* End PBXFrameworksBuildPhase section */

/* Begin PBXGroup section */
		1290674F1FE33B5D6FA35F37 /* Pods */ = {
			isa = PBXGroup;
			children = (
				58C82AAEC0A6167D63683655 /* Pods-Listeriosis.debug.xcconfig */,
				307ACB548125ACAC1F57A0DC /* Pods-Listeriosis.release.xcconfig */,
			);
			name = Pods;
			sourceTree = "<group>";
		};
		444647352175CEAC009EF8F6 = {
			isa = PBXGroup;
			children = (
				444647402175CEAC009EF8F6 /* Listeriosis */,
				4446473F2175CEAC009EF8F6 /* Products */,
				1290674F1FE33B5D6FA35F37 /* Pods */,
				E6BCF20A376C7441D69301F3 /* Frameworks */,
			);
			sourceTree = "<group>";
		};
		4446473F2175CEAC009EF8F6 /* Products */ = {
			isa = PBXGroup;
			children = (
				4446473E2175CEAC009EF8F6 /* Listeriosis.app */,
			);
			name = Products;
			sourceTree = "<group>";
		};
		444647402175CEAC009EF8F6 /* Listeriosis */ = {
			isa = PBXGroup;
			children = (
				4446475521760111009EF8F6 /* Model */,
				444647562176014A009EF8F6 /* Controllers */,
				4446475721760158009EF8F6 /* Views */,
				4446475821760192009EF8F6 /* Supporting Files */,
				4446474D2175CEAE009EF8F6 /* Info.plist */,
			);
			path = Listeriosis;
			sourceTree = "<group>";
		};
		4446475521760111009EF8F6 /* Model */ = {
			isa = PBXGroup;
			children = (
				44BB71EB217633E3006E47BB /* DataModel.xcdatamodeld */,
			);
			path = Model;
			sourceTree = "<group>";
		};
		444647562176014A009EF8F6 /* Controllers */ = {
			isa = PBXGroup;
			children = (
				444647412175CEAC009EF8F6 /* AppDelegate.swift */,
				44A86EA4217F65A9006940A9 /* CategoryViewController.swift */,
				444647432175CEAC009EF8F6 /* ToDoListViewController.swift */,
			);
			path = Controllers;
			sourceTree = "<group>";
		};
		4446475721760158009EF8F6 /* Views */ = {
			isa = PBXGroup;
			children = (
				444647452175CEAC009EF8F6 /* Main.storyboard */,
				4446474A2175CEAE009EF8F6 /* LaunchScreen.storyboard */,
			);
			path = Views;
			sourceTree = "<group>";
		};
		4446475821760192009EF8F6 /* Supporting Files */ = {
			isa = PBXGroup;
			children = (
				444647482175CEAE009EF8F6 /* Assets.xcassets */,
			);
			path = "Supporting Files";
			sourceTree = "<group>";
		};
		E6BCF20A376C7441D69301F3 /* Frameworks */ = {
			isa = PBXGroup;
			children = (
				FC45AC0E2A1D316C413CD1F9 /* Pods_Listeriosis.framework */,
			);
			name = Frameworks;
			sourceTree = "<group>";
		};
/* End PBXGroup section */

/* Begin PBXNativeTarget section */
		4446473D2175CEAC009EF8F6 /* Listeriosis */ = {
			isa = PBXNativeTarget;
			buildConfigurationList = 444647502175CEAE009EF8F6 /* Build configuration list for PBXNativeTarget "Listeriosis" */;
			buildPhases = (
				D9104E6BF9AA2B816491A89D /* [CP] Check Pods Manifest.lock */,
				4446473A2175CEAC009EF8F6 /* Sources */,
				4446473B2175CEAC009EF8F6 /* Frameworks */,
				4446473C2175CEAC009EF8F6 /* Resources */,
				C08C0E17AA29698572980621 /* [CP] Embed Pods Frameworks */,
			);
			buildRules = (
			);
			dependencies = (
			);
			name = Listeriosis;
			productName = Listeriosis;
			productReference = 4446473E2175CEAC009EF8F6 /* Listeriosis.app */;
			productType = "com.apple.product-type.application";
		};
/* End PBXNativeTarget section */

/* Begin PBXProject section */
		444647362175CEAC009EF8F6 /* Project object */ = {
			isa = PBXProject;
			attributes = {
				LastSwiftUpdateCheck = 1000;
				LastUpgradeCheck = 1000;
				ORGANIZATIONNAME = "Eugene Trumpelmann";
				TargetAttributes = {
					4446473D2175CEAC009EF8F6 = {
						CreatedOnToolsVersion = 10.0;
					};
				};
			};
			buildConfigurationList = 444647392175CEAC009EF8F6 /* Build configuration list for PBXProject "Listeriosis" */;
			compatibilityVersion = "Xcode 9.3";
			developmentRegion = en;
			hasScannedForEncodings = 0;
			knownRegions = (
				en,
				Base,
			);
			mainGroup = 444647352175CEAC009EF8F6;
			productRefGroup = 4446473F2175CEAC009EF8F6 /* Products */;
			projectDirPath = "";
			projectRoot = "";
			targets = (
				4446473D2175CEAC009EF8F6 /* Listeriosis */,
			);
		};
/* End PBXProject section */

/* Begin PBXResourcesBuildPhase section */
		4446473C2175CEAC009EF8F6 /* Resources */ = {
			isa = PBXResourcesBuildPhase;
			buildActionMask = 2147483647;
			files = (
				4446474C2175CEAE009EF8F6 /* LaunchScreen.storyboard in Resources */,
				444647492175CEAE009EF8F6 /* Assets.xcassets in Resources */,
				444647472175CEAC009EF8F6 /* Main.storyboard in Resources */,
			);
			runOnlyForDeploymentPostprocessing = 0;
		};
/* End PBXResourcesBuildPhase section */

/* Begin PBXShellScriptBuildPhase section */
		C08C0E17AA29698572980621 /* [CP] Embed Pods Frameworks */ = {
			isa = PBXShellScriptBuildPhase;
			buildActionMask = 2147483647;
			files = (
			);
			inputFileListPaths = (
			);
			inputPaths = (
				"${SRCROOT}/Pods/Target Support Files/Pods-Listeriosis/Pods-Listeriosis-frameworks.sh",
				"${BUILT_PRODUCTS_DIR}/Realm/Realm.framework",
				"${BUILT_PRODUCTS_DIR}/RealmSwift/RealmSwift.framework",
			);
			name = "[CP] Embed Pods Frameworks";
			outputFileListPaths = (
			);
			outputPaths = (
				"${TARGET_BUILD_DIR}/${FRAMEWORKS_FOLDER_PATH}/Realm.framework",
				"${TARGET_BUILD_DIR}/${FRAMEWORKS_FOLDER_PATH}/RealmSwift.framework",
			);
			runOnlyForDeploymentPostprocessing = 0;
			shellPath = /bin/sh;
			shellScript = "\"${SRCROOT}/Pods/Target Support Files/Pods-Listeriosis/Pods-Listeriosis-frameworks.sh\"\n";
			showEnvVarsInLog = 0;
		};
		D9104E6BF9AA2B816491A89D /* [CP] Check Pods Manifest.lock */ = {
			isa = PBXShellScriptBuildPhase;
			buildActionMask = 2147483647;
			files = (
			);
			inputFileListPaths = (
			);
			inputPaths = (
				"${PODS_PODFILE_DIR_PATH}/Podfile.lock",
				"${PODS_ROOT}/Manifest.lock",
			);
			name = "[CP] Check Pods Manifest.lock";
			outputFileListPaths = (
			);
			outputPaths = (
				"$(DERIVED_FILE_DIR)/Pods-Listeriosis-checkManifestLockResult.txt",
			);
			runOnlyForDeploymentPostprocessing = 0;
			shellPath = /bin/sh;
			shellScript = "diff \"${PODS_PODFILE_DIR_PATH}/Podfile.lock\" \"${PODS_ROOT}/Manifest.lock\" > /dev/null\nif [ $? != 0 ] ; then\n    # print error to STDERR\n    echo \"error: The sandbox is not in sync with the Podfile.lock. Run 'pod install' or update your CocoaPods installation.\" >&2\n    exit 1\nfi\n# This output is used by Xcode 'outputs' to avoid re-running this script phase.\necho \"SUCCESS\" > \"${SCRIPT_OUTPUT_FILE_0}\"\n";
			showEnvVarsInLog = 0;
		};
/* End PBXShellScriptBuildPhase section */

/* Begin PBXSourcesBuildPhase section */
		4446473A2175CEAC009EF8F6 /* Sources */ = {
			isa = PBXSourcesBuildPhase;
			buildActionMask = 2147483647;
			files = (
				44A86EA5217F65A9006940A9 /* CategoryViewController.swift in Sources */,
				444647442175CEAC009EF8F6 /* ToDoListViewController.swift in Sources */,
				44BB71ED217633E3006E47BB /* DataModel.xcdatamodeld in Sources */,
				444647422175CEAC009EF8F6 /* AppDelegate.swift in Sources */,
			);
			runOnlyForDeploymentPostprocessing = 0;
		};
/* End PBXSourcesBuildPhase section */

/* Begin PBXVariantGroup section */
		444647452175CEAC009EF8F6 /* Main.storyboard */ = {
			isa = PBXVariantGroup;
			children = (
				444647462175CEAC009EF8F6 /* Base */,
			);
			name = Main.storyboard;
			sourceTree = "<group>";
		};
		4446474A2175CEAE009EF8F6 /* LaunchScreen.storyboard */ = {
			isa = PBXVariantGroup;
			children = (
				4446474B2175CEAE009EF8F6 /* Base */,
			);
			name = LaunchScreen.storyboard;
			sourceTree = "<group>";
		};
/* End PBXVariantGroup section */

/* Begin XCBuildConfiguration section */
		4446474E2175CEAE009EF8F6 /* Debug */ = {
			isa = XCBuildConfiguration;
			buildSettings = {
				ALWAYS_SEARCH_USER_PATHS = NO;
				CLANG_ANALYZER_NONNULL = YES;
				CLANG_ANALYZER_NUMBER_OBJECT_CONVERSION = YES_AGGRESSIVE;
				CLANG_CXX_LANGUAGE_STANDARD = "gnu++14";
				CLANG_CXX_LIBRARY = "libc++";
				CLANG_ENABLE_MODULES = YES;
				CLANG_ENABLE_OBJC_ARC = YES;
				CLANG_ENABLE_OBJC_WEAK = YES;
				CLANG_WARN_BLOCK_CAPTURE_AUTORELEASING = YES;
				CLANG_WARN_BOOL_CONVERSION = YES;
				CLANG_WARN_COMMA = YES;
				CLANG_WARN_CONSTANT_CONVERSION = YES;
				CLANG_WARN_DEPRECATED_OBJC_IMPLEMENTATIONS = YES;
				CLANG_WARN_DIRECT_OBJC_ISA_USAGE = YES_ERROR;
				CLANG_WARN_DOCUMENTATION_COMMENTS = YES;
				CLANG_WARN_EMPTY_BODY = YES;
				CLANG_WARN_ENUM_CONVERSION = YES;
				CLANG_WARN_INFINITE_RECURSION = YES;
				CLANG_WARN_INT_CONVERSION = YES;
				CLANG_WARN_NON_LITERAL_NULL_CONVERSION = YES;
				CLANG_WARN_OBJC_IMPLICIT_RETAIN_SELF = YES;
				CLANG_WARN_OBJC_LITERAL_CONVERSION = YES;
				CLANG_WARN_OBJC_ROOT_CLASS = YES_ERROR;
				CLANG_WARN_RANGE_LOOP_ANALYSIS = YES;
				CLANG_WARN_STRICT_PROTOTYPES = YES;
				CLANG_WARN_SUSPICIOUS_MOVE = YES;
				CLANG_WARN_UNGUARDED_AVAILABILITY = YES_AGGRESSIVE;
				CLANG_WARN_UNREACHABLE_CODE = YES;
				CLANG_WARN__DUPLICATE_METHOD_MATCH = YES;
				CODE_SIGN_IDENTITY = "iPhone Developer";
				COPY_PHASE_STRIP = NO;
				DEBUG_INFORMATION_FORMAT = dwarf;
				ENABLE_STRICT_OBJC_MSGSEND = YES;
				ENABLE_TESTABILITY = YES;
				GCC_C_LANGUAGE_STANDARD = gnu11;
				GCC_DYNAMIC_NO_PIC = NO;
				GCC_NO_COMMON_BLOCKS = YES;
				GCC_OPTIMIZATION_LEVEL = 0;
				GCC_PREPROCESSOR_DEFINITIONS = (
					"DEBUG=1",
					"$(inherited)",
				);
				GCC_WARN_64_TO_32_BIT_CONVERSION = YES;
				GCC_WARN_ABOUT_RETURN_TYPE = YES_ERROR;
				GCC_WARN_UNDECLARED_SELECTOR = YES;
				GCC_WARN_UNINITIALIZED_AUTOS = YES_AGGRESSIVE;
				GCC_WARN_UNUSED_FUNCTION = YES;
				GCC_WARN_UNUSED_VARIABLE = YES;
				IPHONEOS_DEPLOYMENT_TARGET = 12.0;
				MTL_ENABLE_DEBUG_INFO = INCLUDE_SOURCE;
				MTL_FAST_MATH = YES;
				ONLY_ACTIVE_ARCH = YES;
				SDKROOT = iphoneos;
				SWIFT_ACTIVE_COMPILATION_CONDITIONS = DEBUG;
				SWIFT_OPTIMIZATION_LEVEL = "-Onone";
			};
			name = Debug;
		};
		4446474F2175CEAE009EF8F6 /* Release */ = {
			isa = XCBuildConfiguration;
			buildSettings = {
				ALWAYS_SEARCH_USER_PATHS = NO;
				CLANG_ANALYZER_NONNULL = YES;
				CLANG_ANALYZER_NUMBER_OBJECT_CONVERSION = YES_AGGRESSIVE;
				CLANG_CXX_LANGUAGE_STANDARD = "gnu++14";
				CLANG_CXX_LIBRARY = "libc++";
				CLANG_ENABLE_MODULES = YES;
				CLANG_ENABLE_OBJC_ARC = YES;
				CLANG_ENABLE_OBJC_WEAK = YES;
				CLANG_WARN_BLOCK_CAPTURE_AUTORELEASING = YES;
				CLANG_WARN_BOOL_CONVERSION = YES;
				CLANG_WARN_COMMA = YES;
				CLANG_WARN_CONSTANT_CONVERSION = YES;
				CLANG_WARN_DEPRECATED_OBJC_IMPLEMENTATIONS = YES;
				CLANG_WARN_DIRECT_OBJC_ISA_USAGE = YES_ERROR;
				CLANG_WARN_DOCUMENTATION_COMMENTS = YES;
				CLANG_WARN_EMPTY_BODY = YES;
				CLANG_WARN_ENUM_CONVERSION = YES;
				CLANG_WARN_INFINITE_RECURSION = YES;
				CLANG_WARN_INT_CONVERSION = YES;
				CLANG_WARN_NON_LITERAL_NULL_CONVERSION = YES;
				CLANG_WARN_OBJC_IMPLICIT_RETAIN_SELF = YES;
				CLANG_WARN_OBJC_LITERAL_CONVERSION = YES;
				CLANG_WARN_OBJC_ROOT_CLASS = YES_ERROR;
				CLANG_WARN_RANGE_LOOP_ANALYSIS = YES;
				CLANG_WARN_STRICT_PROTOTYPES = YES;
				CLANG_WARN_SUSPICIOUS_MOVE = YES;
				CLANG_WARN_UNGUARDED_AVAILABILITY = YES_AGGRESSIVE;
				CLANG_WARN_UNREACHABLE_CODE = YES;
				CLANG_WARN__DUPLICATE_METHOD_MATCH = YES;
				CODE_SIGN_IDENTITY = "iPhone Developer";
				COPY_PHASE_STRIP = NO;
				DEBUG_INFORMATION_FORMAT = "dwarf-with-dsym";
				ENABLE_NS_ASSERTIONS = NO;
				ENABLE_STRICT_OBJC_MSGSEND = YES;
				GCC_C_LANGUAGE_STANDARD = gnu11;
				GCC_NO_COMMON_BLOCKS = YES;
				GCC_WARN_64_TO_32_BIT_CONVERSION = YES;
				GCC_WARN_ABOUT_RETURN_TYPE = YES_ERROR;
				GCC_WARN_UNDECLARED_SELECTOR = YES;
				GCC_WARN_UNINITIALIZED_AUTOS = YES_AGGRESSIVE;
				GCC_WARN_UNUSED_FUNCTION = YES;
				GCC_WARN_UNUSED_VARIABLE = YES;
				IPHONEOS_DEPLOYMENT_TARGET = 12.0;
				MTL_ENABLE_DEBUG_INFO = NO;
				MTL_FAST_MATH = YES;
				SDKROOT = iphoneos;
				SWIFT_COMPILATION_MODE = wholemodule;
				SWIFT_OPTIMIZATION_LEVEL = "-O";
				VALIDATE_PRODUCT = YES;
			};
			name = Release;
		};
		444647512175CEAE009EF8F6 /* Debug */ = {
			isa = XCBuildConfiguration;
			baseConfigurationReference = 58C82AAEC0A6167D63683655 /* Pods-Listeriosis.debug.xcconfig */;
			buildSettings = {
				ASSETCATALOG_COMPILER_APPICON_NAME = AppIcon;
				CODE_SIGN_STYLE = Automatic;
				DEVELOPMENT_TEAM = JR76DGBBDC;
				INFOPLIST_FILE = Listeriosis/Info.plist;
				LD_RUNPATH_SEARCH_PATHS = (
					"$(inherited)",
					"@executable_path/Frameworks",
				);
				PRODUCT_BUNDLE_IDENTIFIER = za.co.Ababwa.Listeriosis;
				PRODUCT_NAME = "$(TARGET_NAME)";
				SWIFT_VERSION = 4.2;
				TARGETED_DEVICE_FAMILY = "1,2";
			};
			name = Debug;
		};
		444647522175CEAE009EF8F6 /* Release */ = {
			isa = XCBuildConfiguration;
			baseConfigurationReference = 307ACB548125ACAC1F57A0DC /* Pods-Listeriosis.release.xcconfig */;
			buildSettings = {
				ASSETCATALOG_COMPILER_APPICON_NAME = AppIcon;
				CODE_SIGN_STYLE = Automatic;
				DEVELOPMENT_TEAM = JR76DGBBDC;
				INFOPLIST_FILE = Listeriosis/Info.plist;
				LD_RUNPATH_SEARCH_PATHS = (
					"$(inherited)",
					"@executable_path/Frameworks",
				);
				PRODUCT_BUNDLE_IDENTIFIER = za.co.Ababwa.Listeriosis;
				PRODUCT_NAME = "$(TARGET_NAME)";
				SWIFT_VERSION = 4.2;
				TARGETED_DEVICE_FAMILY = "1,2";
			};
			name = Release;
		};
/* End XCBuildConfiguration section */

/* Begin XCConfigurationList section */
		444647392175CEAC009EF8F6 /* Build configuration list for PBXProject "Listeriosis" */ = {
			isa = XCConfigurationList;
			buildConfigurations = (
				4446474E2175CEAE009EF8F6 /* Debug */,
				4446474F2175CEAE009EF8F6 /* Release */,
			);
			defaultConfigurationIsVisible = 0;
			defaultConfigurationName = Release;
		};
		444647502175CEAE009EF8F6 /* Build configuration list for PBXNativeTarget "Listeriosis" */ = {
			isa = XCConfigurationList;
			buildConfigurations = (
				444647512175CEAE009EF8F6 /* Debug */,
				444647522175CEAE009EF8F6 /* Release */,
			);
			defaultConfigurationIsVisible = 0;
			defaultConfigurationName = Release;
		};
/* End XCConfigurationList section */

/* Begin XCVersionGroup section */
		44BB71EB217633E3006E47BB /* DataModel.xcdatamodeld */ = {
			isa = XCVersionGroup;
			children = (
				44BB71EC217633E3006E47BB /* DataModel.xcdatamodel */,
			);
			currentVersion = 44BB71EC217633E3006E47BB /* DataModel.xcdatamodel */;
			path = DataModel.xcdatamodeld;
			sourceTree = "<group>";
			versionGroupType = wrapper.xcdatamodel;
		};
/* End XCVersionGroup section */
	};
	rootObject = 444647362175CEAC009EF8F6 /* Project object */;
}
